
Microsoft Visual Studio Solution File, Format Version 12.00
# Visual Studio Version 17
VisualStudioVersion = 17.4.33122.133
MinimumVisualStudioVersion = 10.0.40219.1
Project("{FAE04EC0-301F-11D3-BF4B-00C04F79EFBC}") = "AdventOfCode", "AdventOfCode\AdventOfCode.csproj", "{EEEB769E-FA7E-4414-A3B6-2DD083A2F418}"
EndProject
Global
	GlobalSection(SolutionConfigurationPlatforms) = preSolution
		Debug|Any CPU = Debug|Any CPU
		Release|Any CPU = Release|Any CPU
	EndGlobalSection
	GlobalSection(ProjectConfigurationPlatforms) = postSolution
		{EEEB769E-FA7E-4414-A3B6-2DD083A2F418}.Debug|Any CPU.ActiveCfg = Debug|Any CPU
		{EEEB769E-FA7E-4414-A3B6-2DD083A2F418}.Debug|Any CPU.Build.0 = Debug|Any CPU
		{EEEB769E-FA7E-4414-A3B6-2DD083A2F418}.Release|Any CPU.ActiveCfg = Release|Any CPU
		{EEEB769E-FA7E-4414-A3B6-2DD083A2F418}.Release|Any CPU.Build.0 = Release|Any CPU
	EndGlobalSection
	GlobalSection(SolutionProperties) = preSolution
		HideSolutionNode = FALSE
	EndGlobalSection
	GlobalSection(ExtensibilityGlobals) = postSolution
		SolutionGuid = {A5C62BDD-33A6-44F1-BEF7-5BB8B966FAE0}
	EndGlobalSection
EndGlobal
